
Microsoft Visual Studio Solution File, Format Version 12.00
# Visual Studio Version 16
VisualStudioVersion = 16.0.31729.503
MinimumVisualStudioVersion = 10.0.40219.1
Project("{FAE04EC0-301F-11D3-BF4B-00C04F79EFBC}") = "9", "D:\Ainstall\9\9.csproj", "{5728716F-5013-4888-A786-A350237F8917}"
EndProject
Global
	GlobalSection(SolutionConfigurationPlatforms) = preSolution
		Debug|Any CPU = Debug|Any CPU
		Release|Any CPU = Release|Any CPU
	EndGlobalSection
	GlobalSection(ProjectConfigurationPlatforms) = postSolution
		{5728716F-5013-4888-A786-A350237F8917}.Debug|Any CPU.ActiveCfg = Debug|Any CPU
		{5728716F-5013-4888-A786-A350237F8917}.Debug|Any CPU.Build.0 = Debug|Any CPU
		{5728716F-5013-4888-A786-A350237F8917}.Release|Any CPU.ActiveCfg = Release|Any CPU
		{5728716F-5013-4888-A786-A350237F8917}.Release|Any CPU.Build.0 = Release|Any CPU
	EndGlobalSection
	GlobalSection(SolutionProperties) = preSolution
		HideSolutionNode = FALSE
	EndGlobalSection
	GlobalSection(ExtensibilityGlobals) = postSolution
		SolutionGuid = {0A8C8403-CF34-4EC4-B45A-EF17C7FCDF4C}
	EndGlobalSection
EndGlobal
