
Microsoft Visual Studio Solution File, Format Version 12.00
# Visual Studio Version 16
VisualStudioVersion = 16.0.31729.503
MinimumVisualStudioVersion = 10.0.40219.1
Project("{FAE04EC0-301F-11D3-BF4B-00C04F79EFBC}") = "7", "7\7.csproj", "{A9D0F073-5280-4801-9C46-D96463A28963}"
EndProject
Global
	GlobalSection(SolutionConfigurationPlatforms) = preSolution
		Debug|Any CPU = Debug|Any CPU
		Release|Any CPU = Release|Any CPU
	EndGlobalSection
	GlobalSection(ProjectConfigurationPlatforms) = postSolution
		{A9D0F073-5280-4801-9C46-D96463A28963}.Debug|Any CPU.ActiveCfg = Debug|Any CPU
		{A9D0F073-5280-4801-9C46-D96463A28963}.Debug|Any CPU.Build.0 = Debug|Any CPU
		{A9D0F073-5280-4801-9C46-D96463A28963}.Release|Any CPU.ActiveCfg = Release|Any CPU
		{A9D0F073-5280-4801-9C46-D96463A28963}.Release|Any CPU.Build.0 = Release|Any CPU
	EndGlobalSection
	GlobalSection(SolutionProperties) = preSolution
		HideSolutionNode = FALSE
	EndGlobalSection
	GlobalSection(ExtensibilityGlobals) = postSolution
		SolutionGuid = {9E09767D-08D5-482D-9201-D5AA2B186041}
	EndGlobalSection
EndGlobal
