
Microsoft Visual Studio Solution File, Format Version 12.00
# Visual Studio Version 16
VisualStudioVersion = 16.0.32002.261
MinimumVisualStudioVersion = 10.0.40219.1
Project("{FAE04EC0-301F-11D3-BF4B-00C04F79EFBC}") = "Test", "Test\Test.csproj", "{CA8BCAB9-B4AE-41A5-B270-880CAAE176D5}"
EndProject
Global
	GlobalSection(SolutionConfigurationPlatforms) = preSolution
		Debug|Any CPU = Debug|Any CPU
		Release|Any CPU = Release|Any CPU
	EndGlobalSection
	GlobalSection(ProjectConfigurationPlatforms) = postSolution
		{CA8BCAB9-B4AE-41A5-B270-880CAAE176D5}.Debug|Any CPU.ActiveCfg = Debug|Any CPU
		{CA8BCAB9-B4AE-41A5-B270-880CAAE176D5}.Debug|Any CPU.Build.0 = Debug|Any CPU
		{CA8BCAB9-B4AE-41A5-B270-880CAAE176D5}.Release|Any CPU.ActiveCfg = Release|Any CPU
		{CA8BCAB9-B4AE-41A5-B270-880CAAE176D5}.Release|Any CPU.Build.0 = Release|Any CPU
	EndGlobalSection
	GlobalSection(SolutionProperties) = preSolution
		HideSolutionNode = FALSE
	EndGlobalSection
	GlobalSection(ExtensibilityGlobals) = postSolution
		SolutionGuid = {08169CC2-2C50-4EEF-A1C3-DA3C8C7F9E9F}
	EndGlobalSection
EndGlobal
